# THIS IS AN AUTOGENERATED FILE. DO NOT EDIT THIS FILE DIRECTLY.
# yarn lockfile v1


access-control@1.0.x:
  version "1.0.1"
  resolved "https://registry.yarnpkg.com/access-control/-/access-control-1.0.1.tgz#fc08ceed11cea21576c50edfc3df09b9c240552e"
  integrity sha512-H5aqjkogmFxfaOrfn/e42vyspHVXuJ8er63KuljJXpOyJ1ZO/U5CrHfO8BLKIy2w7mBM02L5quL0vbfQqrGQbA==
  dependencies:
    millisecond "~0.1.2"
    setheader "~1.0.0"
    vary "~1.1.0"

ansi-regex@^2.0.0:
  version "2.1.1"
  resolved "https://registry.yarnpkg.com/ansi-regex/-/ansi-regex-2.1.1.tgz#c3b33ab5ee360d86e0e628f0468ae7ef27d654df"
  integrity sha1-w7M6te42DYbg5ijwRorn7yfWVN8=

ansi-styles@^2.2.1:
  version "2.2.1"
  resolved "https://registry.yarnpkg.com/ansi-styles/-/ansi-styles-2.2.1.tgz#b432dd3358b634cf75e1e4664368240533c1ddbe"
  integrity sha1-tDLdM1i2NM914eRmQ2gkBTPB3b4=

async@^1.0.0:
  version "1.5.2"
  resolved "https://registry.yarnpkg.com/async/-/async-1.5.2.tgz#ec6a61ae56480c0c3cb241c95618e20892f9672a"
  integrity sha1-7GphrlZIDAw8skHJVhjiCJL5Zyo=

asyncemit@3.0.x:
  version "3.0.1"
  resolved "https://registry.yarnpkg.com/asyncemit/-/asyncemit-3.0.1.tgz#cc3e0fe0da39b53cc15e5b3aa8616ea6a72bd599"
  integrity sha1-zD4P4No5tTzBXls6qGFupqcr1Zk=

"bignumber.js@git+https://github.com/debris/bignumber.js#master":
  version "2.0.7"
  resolved "git+https://github.com/debris/bignumber.js#c7a38de919ed75e6fb6ba38051986e294b328df9"

chalk@^1.0.0:
  version "1.1.3"
  resolved "https://registry.yarnpkg.com/chalk/-/chalk-1.1.3.tgz#a8115c55e4a702fe4d150abd3872822a7e09fc98"
  integrity sha1-qBFcVeSnAv5NFQq9OHKCKn4J/Jg=
  dependencies:
    ansi-styles "^2.2.1"
    escape-string-regexp "^1.0.2"
    has-ansi "^2.0.0"
    strip-ansi "^3.0.0"
    supports-color "^2.0.0"

color-convert@^0.5.0:
  version "0.5.3"
  resolved "https://registry.yarnpkg.com/color-convert/-/color-convert-0.5.3.tgz#bdb6c69ce660fadffe0b0007cc447e1b9f7282bd"
  integrity sha1-vbbGnOZg+t/+CwAHzER+G59ygr0=

color-convert@^1.9.1:
  version "1.9.3"
  resolved "https://registry.yarnpkg.com/color-convert/-/color-convert-1.9.3.tgz#bb71850690e1f136567de629d2d5471deda4c1e8"
  integrity sha512-QfAUtd+vFdAtFQcC8CCyYt1fYWxSqAiK2cSD6zDB8N3cpsEBAvRxp9zOGg6G/SHHJYAT88/az/IuDGALsNVbGg==
  dependencies:
    color-name "1.1.3"

color-name@1.1.3:
  version "1.1.3"
  resolved "https://registry.yarnpkg.com/color-name/-/color-name-1.1.3.tgz#a7d0558bd89c42f795dd42328f740831ca53bc25"
  integrity sha1-p9BVi9icQveV3UIyj3QIMcpTvCU=

color-name@^1.0.0:
  version "1.1.4"
  resolved "https://registry.yarnpkg.com/color-name/-/color-name-1.1.4.tgz#c2a09a87acbde69543de6f63fa3995c826c536a2"
  integrity sha512-dOy+3AuW3a2wNbZHIuMZpTcgjGuLU/uBL/ubcZF9OXbDo8ff4O8yVp5Bf0efS8uEoYo5q4Fx7dY9OgQGXgAsQA==

color-string@^0.3.0:
  version "0.3.0"
  resolved "https://registry.yarnpkg.com/color-string/-/color-string-0.3.0.tgz#27d46fb67025c5c2fa25993bfbf579e47841b991"
  integrity sha1-J9RvtnAlxcL6JZk7+/V55HhBuZE=
  dependencies:
    color-name "^1.0.0"

color-string@^1.5.2:
  version "1.5.3"
  resolved "https://registry.yarnpkg.com/color-string/-/color-string-1.5.3.tgz#c9bbc5f01b58b5492f3d6857459cb6590ce204cc"
  integrity sha512-dC2C5qeWoYkxki5UAXapdjqO672AM4vZuPGRQfO8b5HKuKGBbKWpITyDYN7TOFKvRW7kOgAn3746clDBMDJyQw==
  dependencies:
    color-name "^1.0.0"
    simple-swizzle "^0.2.2"

color@0.8.x:
  version "0.8.0"
  resolved "https://registry.yarnpkg.com/color/-/color-0.8.0.tgz#890c07c3fd4e649537638911cf691e5458b6fca5"
  integrity sha1-iQwHw/1OZJU3Y4kRz2keVFi2/KU=
  dependencies:
    color-convert "^0.5.0"
    color-string "^0.3.0"

color@3.0.x:
  version "3.0.0"
  resolved "https://registry.yarnpkg.com/color/-/color-3.0.0.tgz#d920b4328d534a3ac8295d68f7bd4ba6c427be9a"
  integrity sha512-jCpd5+s0s0t7p3pHQKpnJ0TpQKKdleP71LWcA0aqiljpiuAkOSUFN/dyH8ZwF0hRmFlrIuRhufds1QyEP9EB+w==
  dependencies:
    color-convert "^1.9.1"
    color-string "^1.5.2"

colornames@0.0.2:
  version "0.0.2"
  resolved "https://registry.yarnpkg.com/colornames/-/colornames-0.0.2.tgz#d811fd6c84f59029499a8ac4436202935b92be31"
  integrity sha1-2BH9bIT1kClJmorEQ2ICk1uSvjE=

colornames@^1.1.1:
  version "1.1.1"
  resolved "https://registry.yarnpkg.com/colornames/-/colornames-1.1.1.tgz#f8889030685c7c4ff9e2a559f5077eb76a816f96"
  integrity sha1-+IiQMGhcfE/54qVZ9Qd+t2qBb5Y=

colorspace@1.0.x:
  version "1.0.1"
  resolved "https://registry.yarnpkg.com/colorspace/-/colorspace-1.0.1.tgz#c99c796ed31128b9876a52e1ee5ee03a4a719749"
  integrity sha1-yZx5btMRKLmHalLh7l7gOkpxl0k=
  dependencies:
    color "0.8.x"
    text-hex "0.0.x"

colorspace@1.1.x:
  version "1.1.2"
  resolved "https://registry.yarnpkg.com/colorspace/-/colorspace-1.1.2.tgz#e0128950d082b86a2168580796a0aa5d6c68d8c5"
  integrity sha512-vt+OoIP2d76xLhjwbBaucYlNSpPsrJWPlBTtwCpQKIu6/CSMutyzX93O/Do0qzpH3YoHEes8YEFXyZ797rEhzQ==
  dependencies:
    color "3.0.x"
    text-hex "1.0.x"

connected@~0.0.2:
  version "0.0.2"
  resolved "https://registry.yarnpkg.com/connected/-/connected-0.0.2.tgz#7b5755b216ce31ffabccc38e9f4e1dfc1c3b7c6d"
  integrity sha1-e1dVshbOMf+rzMOOn04d/Bw7fG0=

create-server@1.0.x:
  version "1.0.2"
  resolved "https://registry.yarnpkg.com/create-server/-/create-server-1.0.2.tgz#1684e360dc9eac10bce8943d67b8de149d6ce428"
  integrity sha512-hie+Kyero+jxt6dwKhLKtN23qSNiMn8mNIEjTjwzaZwH2y4tr4nYloeFrpadqV+ZqV9jQ15t3AKotaK8dOo45w==
  dependencies:
    connected "~0.0.2"

crypto-js@^3.1.4:
  version "3.3.0"
  resolved "https://registry.yarnpkg.com/crypto-js/-/crypto-js-3.3.0.tgz#846dd1cce2f68aacfa156c8578f926a609b7976b"
  integrity sha512-DIT51nX0dCfKltpRiXV+/TVZq+Qq2NgF4644+K7Ttnla7zEzqc+kjJyiB96BHNyUTBxyjzRcZYpUdZa+QAqi6Q==

date-now@1.0.1:
  version "1.0.1"
  resolved "https://registry.yarnpkg.com/date-now/-/date-now-1.0.1.tgz#bb7d086438debe4182a485fb3df3fbfb99d6153c"
  integrity sha1-u30IZDjevkGCpIX7PfP7+5nWFTw=

debounce@1.0.0:
  version "1.0.0"
  resolved "https://registry.yarnpkg.com/debounce/-/debounce-1.0.0.tgz#0948af513d2e4ce407916f8506a423d3f9cf72d8"
  integrity sha1-CUivUT0uTOQHkW+FBqQj0/nPctg=
  dependencies:
    date-now "1.0.1"

debug@0.7.x:
  version "0.7.4"
  resolved "https://registry.yarnpkg.com/debug/-/debug-0.7.4.tgz#06e1ea8082c2cb14e39806e22e2f6f757f92af39"
  integrity sha1-BuHqgILCyxTjmAbiLi9vdX+Srzk=

debug@2.2.0:
  version "2.2.0"
  resolved "https://registry.yarnpkg.com/debug/-/debug-2.2.0.tgz#f87057e995b1a1f6ae6a4960664137bc56f039da"
  integrity sha1-+HBX6ZWxofauaklgZkE3vFbwOdo=
  dependencies:
    ms "0.7.1"

demolish@1.0.x:
  version "1.0.2"
  resolved "https://registry.yarnpkg.com/demolish/-/demolish-1.0.2.tgz#5450c0b0dac850d8d82ff738876fd3cf90be50f1"
  integrity sha1-VFDAsNrIUNjYL/c4h2/Tz5C+UPE=

diagnostics@1.0.x:
  version "1.0.1"
  resolved "https://registry.yarnpkg.com/diagnostics/-/diagnostics-1.0.1.tgz#accdb080c82bb25d0dd73430a9e6a87fbb431541"
  integrity sha1-rM2wgMgrsl0N1zQwqeaof7tDFUE=
  dependencies:
    colorspace "1.0.x"
    enabled "1.0.x"
    kuler "0.0.x"

diagnostics@1.x.x:
  version "1.1.1"
  resolved "https://registry.yarnpkg.com/diagnostics/-/diagnostics-1.1.1.tgz#cab6ac33df70c9d9a727490ae43ac995a769b22a"
  integrity sha512-8wn1PmdunLJ9Tqbx+Fx/ZEuHfJf4NKSN2ZBj7SJC/OWRWha843+WsTjqMe1B5E3p28jqBlp+mJ2fPVxPyNgYKQ==
  dependencies:
    colorspace "1.1.x"
    enabled "1.0.x"
    kuler "1.0.x"

emits@3.0.x:
  version "3.0.0"
  resolved "https://registry.yarnpkg.com/emits/-/emits-3.0.0.tgz#32752bba95e1707b219562384ab9bb8b1fd62f70"
  integrity sha1-MnUrupXhcHshlWI4Srm7ix/WL3A=

enabled@1.0.x:
  version "1.0.2"
  resolved "https://registry.yarnpkg.com/enabled/-/enabled-1.0.2.tgz#965f6513d2c2d1c5f4652b64a2e3396467fc2f93"
  integrity sha1-ll9lE9LC0cX0ZStkouM5ZGf8L5M=
  dependencies:
    env-variable "0.0.x"

env-variable@0.0.x:
  version "0.0.6"
  resolved "https://registry.yarnpkg.com/env-variable/-/env-variable-0.0.6.tgz#74ab20b3786c545b62b4a4813ab8cf22726c9808"
  integrity sha512-bHz59NlBbtS0NhftmR8+ExBEekE7br0e01jw+kk0NDro7TtZzBYZ5ScGPs3OmwnpyfHTHOtr1Y6uedCdrIldtg==

escape-string-regexp@^1.0.2:
  version "1.0.5"
  resolved "https://registry.yarnpkg.com/escape-string-regexp/-/escape-string-regexp-1.0.5.tgz#1b61c0562190a8dff6ae3bb2cf0200ca130b86d4"
  integrity sha1-G2HAViGQqN/2rjuyzwIAyhMLhtQ=

eventemitter3@1.1.x:
  version "1.1.1"
  resolved "https://registry.yarnpkg.com/eventemitter3/-/eventemitter3-1.1.1.tgz#47786bdaa087caf7b1b75e73abc5c7d540158cd0"
  integrity sha1-R3hr2qCHyvext15zq8XH1UAVjNA=

extendible@0.1.x:
  version "0.1.1"
  resolved "https://registry.yarnpkg.com/extendible/-/extendible-0.1.1.tgz#e2a37ed87129fb4f9533e8a8d7506230a539c905"
  integrity sha1-4qN+2HEp+0+VM+io11BiMKU5yQU=

forwarded-for@1.0.x:
  version "1.0.1"
  resolved "https://registry.yarnpkg.com/forwarded-for/-/forwarded-for-1.0.1.tgz#e7da4814025168ffc0a10d3ff79e1415f46af469"
  integrity sha1-59pIFAJRaP/AoQ0/954UFfRq9Gk=

fusing@1.0.x:
  version "1.0.0"
  resolved "https://registry.yarnpkg.com/fusing/-/fusing-1.0.0.tgz#550c15d76af9265778aa051ece44d4000a098d45"
  integrity sha1-VQwV12r5Jld4qgUezkTUAAoJjUU=
  dependencies:
    emits "3.0.x"
    predefine "0.1.x"

has-ansi@^2.0.0:
  version "2.0.0"
  resolved "https://registry.yarnpkg.com/has-ansi/-/has-ansi-2.0.0.tgz#34f5049ce1ecdf2b0649af3ef24e45ed35416d91"
  integrity sha1-NPUEnOHs3ysGSa8+8k5F7TVBbZE=
  dependencies:
    ansi-regex "^2.0.0"

is-arrayish@^0.3.1:
  version "0.3.2"
  resolved "https://registry.yarnpkg.com/is-arrayish/-/is-arrayish-0.3.2.tgz#4574a2ae56f7ab206896fb431eaeed066fdf8f03"
  integrity sha512-eVRqCvVlZbuw3GrM63ovNSNAeA1K16kaR/LRY/92w0zxQ5/1YzwblUX652i4Xs9RwAGjW9d9y6X88t8OaAJfWQ==

kuler@0.0.x:
  version "0.0.0"
  resolved "https://registry.yarnpkg.com/kuler/-/kuler-0.0.0.tgz#b66bb46b934e550f59d818848e0abba4f7f5553c"
  integrity sha1-tmu0a5NOVQ9Z2BiEjgq7pPf1VTw=
  dependencies:
    colornames "0.0.2"

kuler@1.0.x:
  version "1.0.1"
  resolved "https://registry.yarnpkg.com/kuler/-/kuler-1.0.1.tgz#ef7c784f36c9fb6e16dd3150d152677b2b0228a6"
  integrity sha512-J9nVUucG1p/skKul6DU3PUZrhs0LPulNaeUOox0IyXDi8S4CztTHs1gQphhuZmzXG7VOQSf6NJfKuzteQLv9gQ==
  dependencies:
    colornames "^1.1.1"

load@1.0.x:
  version "1.0.2"
  resolved "https://registry.yarnpkg.com/load/-/load-1.0.2.tgz#9df4cddaf9e1dc92074e4bc825cd724b921d3b4a"
  integrity sha1-nfTN2vnh3JIHTkvIJc1yS5IdO0o=

lodash@4.1.0:
  version "4.1.0"
  resolved "https://registry.yarnpkg.com/lodash/-/lodash-4.1.0.tgz#299894283de01a9eefbedff4c4b9b00a6a2e6e96"
  integrity sha1-KZiUKD3gGp7vvt/0xLmwCmoubpY=

millisecond@0.1.x, millisecond@~0.1.2:
  version "0.1.2"
  resolved "https://registry.yarnpkg.com/millisecond/-/millisecond-0.1.2.tgz#6cc5ad386241cab8e78aff964f87028eec92dac5"
  integrity sha1-bMWtOGJByrjniv+WT4cCjuyS2sU=

ms@0.7.1:
  version "0.7.1"
  resolved "https://registry.yarnpkg.com/ms/-/ms-0.7.1.tgz#9cd13c03adbff25b65effde7ce864ee952017098"
  integrity sha1-nNE8A62/8ltl7/3nzoZO6VIBcJg=

one-time@0.0.x:
  version "0.0.4"
  resolved "https://registry.yarnpkg.com/one-time/-/one-time-0.0.4.tgz#f8cdf77884826fe4dff93e3a9cc37b1e4480742e"
  integrity sha1-+M33eISCb+Tf+T46nMN7HkSAdC4=

options@>=0.0.5:
  version "0.0.6"
  resolved "https://registry.yarnpkg.com/options/-/options-0.0.6.tgz#ec22d312806bb53e731773e7cdaefcf1c643128f"
  integrity sha1-7CLTEoBrtT5zF3Pnza788cZDEo8=

predefine@0.1.x:
  version "0.1.2"
  resolved "https://registry.yarnpkg.com/predefine/-/predefine-0.1.2.tgz#2aa92b4496bc1f8554e43a45f76bfbe50d33d37f"
  integrity sha1-KqkrRJa8H4VU5DpF92v75Q0z038=
  dependencies:
    extendible "0.1.x"

primus-emit@1.0.0:
  version "1.0.0"
  resolved "https://registry.yarnpkg.com/primus-emit/-/primus-emit-1.0.0.tgz#e4b23168706cbea7cba630b482806dbffdf4c3e9"
  integrity sha1-5LIxaHBsvqfLpjC0goBtv/30w+k=

primus-spark-latency@0.1.1:
  version "0.1.1"
  resolved "https://registry.yarnpkg.com/primus-spark-latency/-/primus-spark-latency-0.1.1.tgz#328d384767ac2d4ae22af06bdd25b0c7853d2991"
  integrity sha1-Mo04R2esLUriKvBr3SWwx4U9KZE=

primus@4.0.5:
  version "4.0.5"
  resolved "https://registry.yarnpkg.com/primus/-/primus-4.0.5.tgz#ed972328bcb4aa3ddbb8034ba1b7c774fc251865"
  integrity sha1-7ZcjKLy0qj3buANLobfHdPwlGGU=
  dependencies:
    access-control "1.0.x"
    asyncemit "3.0.x"
    create-server "1.0.x"
    demolish "1.0.x"
    diagnostics "1.0.x"
    emits "3.0.x"
    eventemitter3 "1.1.x"
    forwarded-for "1.0.x"
    fusing "1.0.x"
    load "1.0.x"
    querystringify "0.0.x"
    recovery "0.2.x"
    setheader "0.0.x"
    tick-tock "1.0.x"
    ultron "1.0.x"
    url-parse "1.0.x"
    yeast "0.1.x"

querystringify@0.0.x:
  version "0.0.4"
  resolved "https://registry.yarnpkg.com/querystringify/-/querystringify-0.0.4.tgz#0cf7f84f9463ff0ae51c4c4b142d95be37724d9c"
  integrity sha1-DPf4T5Rj/wrlHExLFC2VvjdyTZw=

recovery@0.2.x:
  version "0.2.6"
  resolved "https://registry.yarnpkg.com/recovery/-/recovery-0.2.6.tgz#9cfcad9cd4c92bae6a07162c82ccffb9af0a99b9"
  integrity sha1-nPytnNTJK65qBxYsgsz/ua8Kmbk=
  dependencies:
    demolish "1.0.x"
    eventemitter3 "1.1.x"
    millisecond "0.1.x"
    one-time "0.0.x"
    tick-tock "1.0.x"

requires-port@1.0.x:
  version "1.0.0"
  resolved "https://registry.yarnpkg.com/requires-port/-/requires-port-1.0.0.tgz#925d2601d39ac485e091cf0da5c6e694dc3dcaff"
  integrity sha1-kl0mAdOaxIXgkc8NpcbmlNw9yv8=

setheader@0.0.x:
  version "0.0.4"
  resolved "https://registry.yarnpkg.com/setheader/-/setheader-0.0.4.tgz#926ed28cf762149620931e7aea3f1b95816ec694"
  integrity sha1-km7SjPdiFJYgkx566j8blYFuxpQ=
  dependencies:
    debug "0.7.x"

setheader@~1.0.0:
  version "1.0.2"
  resolved "https://registry.yarnpkg.com/setheader/-/setheader-1.0.2.tgz#cde0732155a554f91192ced963f718afcdd92748"
  integrity sha512-A704nIwzqGed0CnJZIqDE+0udMPS839ocgf1R9OJ8aq8vw4U980HWeNaD9ec8VnmBni9lyGEWDedOWXT/C5kxA==
  dependencies:
    diagnostics "1.x.x"

simple-swizzle@^0.2.2:
  version "0.2.2"
  resolved "https://registry.yarnpkg.com/simple-swizzle/-/simple-swizzle-0.2.2.tgz#a4da6b635ffcccca33f70d17cb92592de95e557a"
  integrity sha1-pNprY1/8zMoz9w0Xy5JZLeleVXo=
  dependencies:
    is-arrayish "^0.3.1"

strip-ansi@^3.0.0:
  version "3.0.1"
  resolved "https://registry.yarnpkg.com/strip-ansi/-/strip-ansi-3.0.1.tgz#6a385fb8853d952d5ff05d0e8aaf94278dc63dcf"
  integrity sha1-ajhfuIU9lS1f8F0Oiq+UJ43GPc8=
  dependencies:
    ansi-regex "^2.0.0"

supports-color@^2.0.0:
  version "2.0.0"
  resolved "https://registry.yarnpkg.com/supports-color/-/supports-color-2.0.0.tgz#535d045ce6b6363fa40117084629995e9df324c7"
  integrity sha1-U10EXOa2Nj+kARcIRimZXp3zJMc=

text-hex@0.0.x:
  version "0.0.0"
  resolved "https://registry.yarnpkg.com/text-hex/-/text-hex-0.0.0.tgz#578fbc85a6a92636e42dd17b41d0218cce9eb2b3"
  integrity sha1-V4+8haapJjbkLdF7QdAhjM6esrM=

text-hex@1.0.x:
  version "1.0.0"
  resolved "https://registry.yarnpkg.com/text-hex/-/text-hex-1.0.0.tgz#69dc9c1b17446ee79a92bf5b884bb4b9127506f5"
  integrity sha512-uuVGNWzgJ4yhRaNSiubPY7OjISw4sw4E5Uv0wbjp+OzcbmVU/rsT8ujgcXJhn9ypzsgr5vlzpPqP+MBBKcGvbg==

tick-tock@1.0.x:
  version "1.0.0"
  resolved "https://registry.yarnpkg.com/tick-tock/-/tick-tock-1.0.0.tgz#9c4d5964064f9551b18faded34de76ad7c1ba43e"
  integrity sha1-nE1ZZAZPlVGxj63tNN52rXwbpD4=
  dependencies:
    millisecond "0.1.x"

ultron@1.0.x:
  version "1.0.2"
  resolved "https://registry.yarnpkg.com/ultron/-/ultron-1.0.2.tgz#ace116ab557cd197386a4e88f4685378c8b2e4fa"
  integrity sha1-rOEWq1V80Zc4ak6I9GhTeMiy5Po=

url-parse@1.0.x:
  version "1.0.5"
  resolved "https://registry.yarnpkg.com/url-parse/-/url-parse-1.0.5.tgz#0854860422afdcfefeb6c965c662d4800169927b"
  integrity sha1-CFSGBCKv3P7+tsllxmLUgAFpkns=
  dependencies:
    querystringify "0.0.x"
    requires-port "1.0.x"

utf8@^2.1.1:
  version "2.1.2"
  resolved "https://registry.yarnpkg.com/utf8/-/utf8-2.1.2.tgz#1fa0d9270e9be850d9b05027f63519bf46457d96"
  integrity sha1-H6DZJw6b6FDZsFAn9jUZv0ZFfZY=

vary@~1.1.0:
  version "1.1.2"
  resolved "https://registry.yarnpkg.com/vary/-/vary-1.1.2.tgz#2299f02c6ded30d4a5961b0b9f74524a18f634fc"
  integrity sha1-IpnwLG3tMNSllhsLn3RSShj2NPw=

web3@0.15.3:
  version "0.15.3"
  resolved "https://registry.yarnpkg.com/web3/-/web3-0.15.3.tgz#f997ccda419fc528c0d6c5d8d5382212bfa74628"
  integrity sha1-+ZfM2kGfxSjA1sXY1TgiEr+nRig=
  dependencies:
    bignumber.js "git+https://github.com/debris/bignumber.js#master"
    crypto-js "^3.1.4"
    utf8 "^2.1.1"
    xmlhttprequest "*"

ws@^1.0.1:
  version "1.1.5"
  resolved "https://registry.yarnpkg.com/ws/-/ws-1.1.5.tgz#cbd9e6e75e09fc5d2c90015f21f0c40875e0dd51"
  integrity sha512-o3KqipXNUdS7wpQzBHSe180lBGO60SoK0yVo3CYJgb2MkobuWuBX6dhkYP5ORCLd55y+SaflMOV5fqAB53ux4w==
  dependencies:
    options ">=0.0.5"
    ultron "1.0.x"

xmlhttprequest@*:
  version "1.8.0"
  resolved "https://registry.yarnpkg.com/xmlhttprequest/-/xmlhttprequest-1.8.0.tgz#67fe075c5c24fef39f9d65f5f7b7fe75171968fc"
  integrity sha1-Z/4HXFwk/vOfnWX197f+dRcZaPw=

yeast@0.1.x:
  version "0.1.2"
  resolved "https://registry.yarnpkg.com/yeast/-/yeast-0.1.2.tgz#008e06d8094320c372dbc2f8ed76a0ca6c8ac419"
  integrity sha1-AI4G2AlDIMNy28L47XagymyKxBk=
